
Microsoft Visual Studio Solution File, Format Version 12.00
# Visual Studio Version 17
VisualStudioVersion = 17.11.35327.3
MinimumVisualStudioVersion = 10.0.40219.1
Project("{FAE04EC0-301F-11D3-BF4B-00C04F79EFBC}") = "Kashapov", "Kashapov.csproj", "{BC9E70D0-B000-4977-B874-653629810DC8}"
EndProject
Global
	GlobalSection(SolutionConfigurationPlatforms) = preSolution
		Debug|Any CPU = Debug|Any CPU
		Release|Any CPU = Release|Any CPU
	EndGlobalSection
	GlobalSection(ProjectConfigurationPlatforms) = postSolution
		{BC9E70D0-B000-4977-B874-653629810DC8}.Debug|Any CPU.ActiveCfg = Debug|Any CPU
		{BC9E70D0-B000-4977-B874-653629810DC8}.Debug|Any CPU.Build.0 = Debug|Any CPU
		{BC9E70D0-B000-4977-B874-653629810DC8}.Debug|Any CPU.Deploy.0 = Debug|Any CPU
		{BC9E70D0-B000-4977-B874-653629810DC8}.Release|Any CPU.ActiveCfg = Release|Any CPU
		{BC9E70D0-B000-4977-B874-653629810DC8}.Release|Any CPU.Build.0 = Release|Any CPU
		{BC9E70D0-B000-4977-B874-653629810DC8}.Release|Any CPU.Deploy.0 = Release|Any CPU
	EndGlobalSection
	GlobalSection(SolutionProperties) = preSolution
		HideSolutionNode = FALSE
	EndGlobalSection
	GlobalSection(ExtensibilityGlobals) = postSolution
		SolutionGuid = {4B656AF5-1FE5-4E08-890F-1CFC7A02574A}
	EndGlobalSection
EndGlobal
